
Microsoft Visual Studio Solution File, Format Version 12.00
# Visual Studio Version 17
VisualStudioVersion = 17.0.31717.71
MinimumVisualStudioVersion = 10.0.40219.1
Project("{9A19103F-16F7-4668-BE54-9A1E7A4F7556}") = "DbQueue", "DbQueue\DbQueue.csproj", "{95AE2A22-74B3-4E3E-AD29-900149D254B4}"
EndProject
Project("{9A19103F-16F7-4668-BE54-9A1E7A4F7556}") = "DbQueue.EntityFrameworkCore", "DbQueue.EntityFrameworkCore\DbQueue.EntityFrameworkCore.csproj", "{9ECE65ED-211E-4CE2-B4A4-B25F777C0921}"
EndProject
Project("{2150E333-8FDC-42A3-9474-1A3956D46DE8}") = "Examples", "Examples", "{78984455-CBFA-4350-B50D-7A79B15DCB32}"
EndProject
Project("{2150E333-8FDC-42A3-9474-1A3956D46DE8}") = "Tests", "Tests", "{5C305641-2F50-4D01-88C6-2D7709F3881D}"
EndProject
Project("{00D1A9C2-B5F0-4AF3-8072-F6C62B433612}") = "Example.Database.MsSql", "Examples\Example.Database.MsSql\Example.Database.MsSql.sqlproj", "{E27C215A-962E-426A-B452-A2014CED7866}"
EndProject
Project("{9A19103F-16F7-4668-BE54-9A1E7A4F7556}") = "Test.Common", "Tests\Test.Common\Test.Common.csproj", "{89EDF1B5-E50D-47A6-853B-DB5B83EC2621}"
EndProject
Project("{9A19103F-16F7-4668-BE54-9A1E7A4F7556}") = "Test.EFCore", "Tests\Test.EFCore\Test.EFCore.csproj", "{FCC5E53E-29ED-4AC3-A4D5-6096BFFE9A56}"
EndProject
Project("{9A19103F-16F7-4668-BE54-9A1E7A4F7556}") = "Example.ConsoleApp.EFCore", "Examples\Example.ConsoleApp.EFCore\Example.ConsoleApp.EFCore.csproj", "{81B4E60A-9970-4463-95C0-494DF3BFD610}"
EndProject
Project("{FAE04EC0-301F-11D3-BF4B-00C04F79EFBC}") = "DbQueue.MongoDB", "DbQueue.MongoDB\DbQueue.MongoDB.csproj", "{A3C9A7CE-BC5F-4E6F-AF10-6E4FBBCF2586}"
EndProject
Project("{9A19103F-16F7-4668-BE54-9A1E7A4F7556}") = "Example.ConsoleApp.MongoDB", "Examples\Example.ConsoleApp.MongoDB\Example.ConsoleApp.MongoDB.csproj", "{54BCD39A-D3AD-4838-A819-6594FF20C6FA}"
EndProject
Project("{FAE04EC0-301F-11D3-BF4B-00C04F79EFBC}") = "Test.Mongo", "Tests\Test.Mongo\Test.Mongo.csproj", "{F9386D1B-D60F-488A-B3BC-C47FC6523F05}"
EndProject
Project("{2150E333-8FDC-42A3-9474-1A3956D46DE8}") = "Solution Items", "Solution Items", "{6828527F-391F-4F76-8143-73E4258F6F2C}"
	ProjectSection(SolutionItems) = preProject
		.gitignore = .gitignore
		LICENSE = LICENSE
		README.md = README.md
	EndProjectSection
EndProject
Global
	GlobalSection(SolutionConfigurationPlatforms) = preSolution
		Debug|Any CPU = Debug|Any CPU
		Release|Any CPU = Release|Any CPU
	EndGlobalSection
	GlobalSection(ProjectConfigurationPlatforms) = postSolution
		{95AE2A22-74B3-4E3E-AD29-900149D254B4}.Debug|Any CPU.ActiveCfg = Debug|Any CPU
		{95AE2A22-74B3-4E3E-AD29-900149D254B4}.Debug|Any CPU.Build.0 = Debug|Any CPU
		{95AE2A22-74B3-4E3E-AD29-900149D254B4}.Release|Any CPU.ActiveCfg = Release|Any CPU
		{95AE2A22-74B3-4E3E-AD29-900149D254B4}.Release|Any CPU.Build.0 = Release|Any CPU
		{9ECE65ED-211E-4CE2-B4A4-B25F777C0921}.Debug|Any CPU.ActiveCfg = Debug|Any CPU
		{9ECE65ED-211E-4CE2-B4A4-B25F777C0921}.Debug|Any CPU.Build.0 = Debug|Any CPU
		{9ECE65ED-211E-4CE2-B4A4-B25F777C0921}.Release|Any CPU.ActiveCfg = Release|Any CPU
		{9ECE65ED-211E-4CE2-B4A4-B25F777C0921}.Release|Any CPU.Build.0 = Release|Any CPU
		{E27C215A-962E-426A-B452-A2014CED7866}.Debug|Any CPU.ActiveCfg = Debug|Any CPU
		{E27C215A-962E-426A-B452-A2014CED7866}.Debug|Any CPU.Build.0 = Debug|Any CPU
		{E27C215A-962E-426A-B452-A2014CED7866}.Debug|Any CPU.Deploy.0 = Debug|Any CPU
		{E27C215A-962E-426A-B452-A2014CED7866}.Release|Any CPU.ActiveCfg = Release|Any CPU
		{E27C215A-962E-426A-B452-A2014CED7866}.Release|Any CPU.Build.0 = Release|Any CPU
		{E27C215A-962E-426A-B452-A2014CED7866}.Release|Any CPU.Deploy.0 = Release|Any CPU
		{89EDF1B5-E50D-47A6-853B-DB5B83EC2621}.Debug|Any CPU.ActiveCfg = Debug|Any CPU
		{89EDF1B5-E50D-47A6-853B-DB5B83EC2621}.Debug|Any CPU.Build.0 = Debug|Any CPU
		{89EDF1B5-E50D-47A6-853B-DB5B83EC2621}.Release|Any CPU.ActiveCfg = Release|Any CPU
		{89EDF1B5-E50D-47A6-853B-DB5B83EC2621}.Release|Any CPU.Build.0 = Release|Any CPU
		{FCC5E53E-29ED-4AC3-A4D5-6096BFFE9A56}.Debug|Any CPU.ActiveCfg = Debug|Any CPU
		{FCC5E53E-29ED-4AC3-A4D5-6096BFFE9A56}.Debug|Any CPU.Build.0 = Debug|Any CPU
		{FCC5E53E-29ED-4AC3-A4D5-6096BFFE9A56}.Release|Any CPU.ActiveCfg = Release|Any CPU
		{FCC5E53E-29ED-4AC3-A4D5-6096BFFE9A56}.Release|Any CPU.Build.0 = Release|Any CPU
		{81B4E60A-9970-4463-95C0-494DF3BFD610}.Debug|Any CPU.ActiveCfg = Debug|Any CPU
		{81B4E60A-9970-4463-95C0-494DF3BFD610}.Debug|Any CPU.Build.0 = Debug|Any CPU
		{81B4E60A-9970-4463-95C0-494DF3BFD610}.Release|Any CPU.ActiveCfg = Release|Any CPU
		{81B4E60A-9970-4463-95C0-494DF3BFD610}.Release|Any CPU.Build.0 = Release|Any CPU
		{A3C9A7CE-BC5F-4E6F-AF10-6E4FBBCF2586}.Debug|Any CPU.ActiveCfg = Debug|Any CPU
		{A3C9A7CE-BC5F-4E6F-AF10-6E4FBBCF2586}.Debug|Any CPU.Build.0 = Debug|Any CPU
		{A3C9A7CE-BC5F-4E6F-AF10-6E4FBBCF2586}.Release|Any CPU.ActiveCfg = Release|Any CPU
		{A3C9A7CE-BC5F-4E6F-AF10-6E4FBBCF2586}.Release|Any CPU.Build.0 = Release|Any CPU
		{54BCD39A-D3AD-4838-A819-6594FF20C6FA}.Debug|Any CPU.ActiveCfg = Debug|Any CPU
		{54BCD39A-D3AD-4838-A819-6594FF20C6FA}.Debug|Any CPU.Build.0 = Debug|Any CPU
		{54BCD39A-D3AD-4838-A819-6594FF20C6FA}.Release|Any CPU.ActiveCfg = Release|Any CPU
		{54BCD39A-D3AD-4838-A819-6594FF20C6FA}.Release|Any CPU.Build.0 = Release|Any CPU
		{F9386D1B-D60F-488A-B3BC-C47FC6523F05}.Debug|Any CPU.ActiveCfg = Debug|Any CPU
		{F9386D1B-D60F-488A-B3BC-C47FC6523F05}.Debug|Any CPU.Build.0 = Debug|Any CPU
		{F9386D1B-D60F-488A-B3BC-C47FC6523F05}.Release|Any CPU.ActiveCfg = Release|Any CPU
		{F9386D1B-D60F-488A-B3BC-C47FC6523F05}.Release|Any CPU.Build.0 = Release|Any CPU
	EndGlobalSection
	GlobalSection(SolutionProperties) = preSolution
		HideSolutionNode = FALSE
	EndGlobalSection
	GlobalSection(NestedProjects) = preSolution
		{E27C215A-962E-426A-B452-A2014CED7866} = {78984455-CBFA-4350-B50D-7A79B15DCB32}
		{89EDF1B5-E50D-47A6-853B-DB5B83EC2621} = {5C305641-2F50-4D01-88C6-2D7709F3881D}
		{FCC5E53E-29ED-4AC3-A4D5-6096BFFE9A56} = {5C305641-2F50-4D01-88C6-2D7709F3881D}
		{81B4E60A-9970-4463-95C0-494DF3BFD610} = {78984455-CBFA-4350-B50D-7A79B15DCB32}
		{54BCD39A-D3AD-4838-A819-6594FF20C6FA} = {78984455-CBFA-4350-B50D-7A79B15DCB32}
		{F9386D1B-D60F-488A-B3BC-C47FC6523F05} = {5C305641-2F50-4D01-88C6-2D7709F3881D}
	EndGlobalSection
	GlobalSection(ExtensibilityGlobals) = postSolution
		SolutionGuid = {0AD0F534-3EAE-4778-BF19-A2A8E4BD98ED}
	EndGlobalSection
EndGlobal
