
Microsoft Visual Studio Solution File, Format Version 12.00
# Visual Studio Version 17
VisualStudioVersion = 17.0.31717.71
MinimumVisualStudioVersion = 10.0.40219.1
Project("{9A19103F-16F7-4668-BE54-9A1E7A4F7556}") = "DbQueue", "DbQueue\DbQueue.csproj", "{95AE2A22-74B3-4E3E-AD29-900149D254B4}"
EndProject
Project("{9A19103F-16F7-4668-BE54-9A1E7A4F7556}") = "DbQueue.EntityFrameworkCore", "DbQueue.EntityFrameworkCore\DbQueue.EntityFrameworkCore.csproj", "{9ECE65ED-211E-4CE2-B4A4-B25F777C0921}"
EndProject
Project("{2150E333-8FDC-42A3-9474-1A3956D46DE8}") = "Examples", "Examples", "{78984455-CBFA-4350-B50D-7A79B15DCB32}"
EndProject
Project("{2150E333-8FDC-42A3-9474-1A3956D46DE8}") = "Tests", "Tests", "{5C305641-2F50-4D01-88C6-2D7709F3881D}"
EndProject
Project("{00D1A9C2-B5F0-4AF3-8072-F6C62B433612}") = "Example.Database.MsSql", "Examples\Example.Database.MsSql\Example.Database.MsSql.sqlproj", "{E27C215A-962E-426A-B452-A2014CED7866}"
EndProject
Project("{9A19103F-16F7-4668-BE54-9A1E7A4F7556}") = "Test.Common", "Tests\Test.Common\Test.Common.csproj", "{89EDF1B5-E50D-47A6-853B-DB5B83EC2621}"
EndProject
Project("{9A19103F-16F7-4668-BE54-9A1E7A4F7556}") = "DbQueue.MongoDB", "DbQueue.MongoDB\DbQueue.MongoDB.csproj", "{A3C9A7CE-BC5F-4E6F-AF10-6E4FBBCF2586}"
EndProject
Project("{9A19103F-16F7-4668-BE54-9A1E7A4F7556}") = "Example.ConsoleApp.MongoDB", "Examples\Example.ConsoleApp.MongoDB\Example.ConsoleApp.MongoDB.csproj", "{54BCD39A-D3AD-4838-A819-6594FF20C6FA}"
EndProject
Project("{9A19103F-16F7-4668-BE54-9A1E7A4F7556}") = "Test.Mongo", "Tests\Test.Mongo\Test.Mongo.csproj", "{F9386D1B-D60F-488A-B3BC-C47FC6523F05}"
EndProject
Project("{2150E333-8FDC-42A3-9474-1A3956D46DE8}") = "Solution Items", "Solution Items", "{6828527F-391F-4F76-8143-73E4258F6F2C}"
	ProjectSection(SolutionItems) = preProject
		.gitignore = .gitignore
		LICENSE = LICENSE
		README.md = README.md
	EndProjectSection
EndProject
Project("{9A19103F-16F7-4668-BE54-9A1E7A4F7556}") = "Example.ConsoleApp.MsSql", "Examples\Example.ConsoleApp.MsSql\Example.ConsoleApp.MsSql.csproj", "{DB14D40E-7D7F-41A3-BF3F-93846269A500}"
EndProject
Project("{9A19103F-16F7-4668-BE54-9A1E7A4F7556}") = "Test.MsSql", "Tests\Test.MsSql\Test.MsSql.csproj", "{FA2BC0AB-03F1-4A8D-B049-DB04E14148FC}"
EndProject
Project("{9A19103F-16F7-4668-BE54-9A1E7A4F7556}") = "Example.ConsoleApp.PostgreSql", "Examples\Example.ConsoleApp.PostgreSql\Example.ConsoleApp.PostgreSql.csproj", "{3CD58470-3E5C-412C-B239-AFABCC1B3AC3}"
EndProject
Project("{2150E333-8FDC-42A3-9474-1A3956D46DE8}") = "Example.Database.PostgreSql", "Example.Database.PostgreSql", "{7B05FBF3-FEC0-4345-8BFF-EB0BC847031E}"
	ProjectSection(SolutionItems) = preProject
		Examples\Example.Database.PostgreSql\DbQueue.sql = Examples\Example.Database.PostgreSql\DbQueue.sql
	EndProjectSection
EndProject
Project("{9A19103F-16F7-4668-BE54-9A1E7A4F7556}") = "Test.PostgreSql", "Tests\Test.PostgreSql\Test.PostgreSql.csproj", "{40B81AF4-2EAB-4C36-9CA1-300619884D64}"
EndProject
Project("{2150E333-8FDC-42A3-9474-1A3956D46DE8}") = "Example.Database.MySql", "Example.Database.MySql", "{11B03655-FF3D-4682-A8E8-FDF72E71A3AC}"
	ProjectSection(SolutionItems) = preProject
		Examples\Example.Database.MySql\DbQueue.sql = Examples\Example.Database.MySql\DbQueue.sql
	EndProjectSection
EndProject
Project("{9A19103F-16F7-4668-BE54-9A1E7A4F7556}") = "Example.ConsoleApp.MySql", "Examples\Example.ConsoleApp.MySql\Example.ConsoleApp.MySql.csproj", "{10E58F8F-BFEB-4E7A-A450-D813EE95B5AD}"
EndProject
Project("{9A19103F-16F7-4668-BE54-9A1E7A4F7556}") = "Test.MySql", "Tests\Test.MySql\Test.MySql.csproj", "{C8CAA8E0-89F6-4791-854C-101BFA78A96C}"
EndProject
Project("{9A19103F-16F7-4668-BE54-9A1E7A4F7556}") = "DbQueue.Grpc", "DbQueue.Grpc\DbQueue.Grpc.csproj", "{3BC6D18E-294E-47B1-A100-DE3705D56F57}"
EndProject
Project("{9A19103F-16F7-4668-BE54-9A1E7A4F7556}") = "DbQueue.Grpc.Client", "DbQueue.Grpc.Client\DbQueue.Grpc.Client.csproj", "{BF791B38-A2FE-46A3-A581-7976EF37AD1C}"
EndProject
Project("{9A19103F-16F7-4668-BE54-9A1E7A4F7556}") = "Example.GrpcService.MsSql", "Examples\Example.GrpcService.MsSql\Example.GrpcService.MsSql.csproj", "{95D37395-317A-4E7C-B3BA-D7D83D831101}"
EndProject
Project("{9A19103F-16F7-4668-BE54-9A1E7A4F7556}") = "Example.GrpcClient", "Examples\Example.GrpcClient\Example.GrpcClient.csproj", "{62ABD845-F612-438C-8C7C-02B9A208BD0B}"
EndProject
Project("{9A19103F-16F7-4668-BE54-9A1E7A4F7556}") = "Test.GrpcClient", "Tests\Test.GrpcClient\Test.GrpcClient.csproj", "{4393CA43-AB08-4270-889C-E957C42721F8}"
EndProject
Project("{9A19103F-16F7-4668-BE54-9A1E7A4F7556}") = "Example.GrpcService.MongoDB", "Examples\Example.GrpcService.MongoDB\Example.GrpcService.MongoDB.csproj", "{6C706435-522D-43A8-AC99-5CFFECF46421}"
EndProject
Project("{9A19103F-16F7-4668-BE54-9A1E7A4F7556}") = "DbQueue.Rest", "DbQueue.Rest\DbQueue.Rest.csproj", "{88E752C0-FEF0-447B-9710-19B183D43599}"
EndProject
Project("{9A19103F-16F7-4668-BE54-9A1E7A4F7556}") = "Example.RestService.MsSql", "Examples\Example.RestService.MsSql\Example.RestService.MsSql.csproj", "{91A993B5-A3DD-4EC8-A682-28883FB4D156}"
EndProject
Project("{9A19103F-16F7-4668-BE54-9A1E7A4F7556}") = "Example.RestService.MongoDB", "Examples\Example.RestService.MongoDB\Example.RestService.MongoDB.csproj", "{FA6C0C7E-5FD4-4470-810D-3FA9DAC02491}"
EndProject
Project("{FAE04EC0-301F-11D3-BF4B-00C04F79EFBC}") = "DbQueue.Rest.Client", "DbQueue.Rest.Client\DbQueue.Rest.Client.csproj", "{7400C52D-416D-4504-9D1B-92FF1EDDFD09}"
EndProject
Global
	GlobalSection(SolutionConfigurationPlatforms) = preSolution
		Debug|Any CPU = Debug|Any CPU
		Release|Any CPU = Release|Any CPU
	EndGlobalSection
	GlobalSection(ProjectConfigurationPlatforms) = postSolution
		{95AE2A22-74B3-4E3E-AD29-900149D254B4}.Debug|Any CPU.ActiveCfg = Debug|Any CPU
		{95AE2A22-74B3-4E3E-AD29-900149D254B4}.Debug|Any CPU.Build.0 = Debug|Any CPU
		{95AE2A22-74B3-4E3E-AD29-900149D254B4}.Release|Any CPU.ActiveCfg = Release|Any CPU
		{95AE2A22-74B3-4E3E-AD29-900149D254B4}.Release|Any CPU.Build.0 = Release|Any CPU
		{9ECE65ED-211E-4CE2-B4A4-B25F777C0921}.Debug|Any CPU.ActiveCfg = Debug|Any CPU
		{9ECE65ED-211E-4CE2-B4A4-B25F777C0921}.Debug|Any CPU.Build.0 = Debug|Any CPU
		{9ECE65ED-211E-4CE2-B4A4-B25F777C0921}.Release|Any CPU.ActiveCfg = Release|Any CPU
		{9ECE65ED-211E-4CE2-B4A4-B25F777C0921}.Release|Any CPU.Build.0 = Release|Any CPU
		{E27C215A-962E-426A-B452-A2014CED7866}.Debug|Any CPU.ActiveCfg = Debug|Any CPU
		{E27C215A-962E-426A-B452-A2014CED7866}.Debug|Any CPU.Build.0 = Debug|Any CPU
		{E27C215A-962E-426A-B452-A2014CED7866}.Debug|Any CPU.Deploy.0 = Debug|Any CPU
		{E27C215A-962E-426A-B452-A2014CED7866}.Release|Any CPU.ActiveCfg = Release|Any CPU
		{E27C215A-962E-426A-B452-A2014CED7866}.Release|Any CPU.Build.0 = Release|Any CPU
		{E27C215A-962E-426A-B452-A2014CED7866}.Release|Any CPU.Deploy.0 = Release|Any CPU
		{89EDF1B5-E50D-47A6-853B-DB5B83EC2621}.Debug|Any CPU.ActiveCfg = Debug|Any CPU
		{89EDF1B5-E50D-47A6-853B-DB5B83EC2621}.Debug|Any CPU.Build.0 = Debug|Any CPU
		{89EDF1B5-E50D-47A6-853B-DB5B83EC2621}.Release|Any CPU.ActiveCfg = Release|Any CPU
		{89EDF1B5-E50D-47A6-853B-DB5B83EC2621}.Release|Any CPU.Build.0 = Release|Any CPU
		{A3C9A7CE-BC5F-4E6F-AF10-6E4FBBCF2586}.Debug|Any CPU.ActiveCfg = Debug|Any CPU
		{A3C9A7CE-BC5F-4E6F-AF10-6E4FBBCF2586}.Debug|Any CPU.Build.0 = Debug|Any CPU
		{A3C9A7CE-BC5F-4E6F-AF10-6E4FBBCF2586}.Release|Any CPU.ActiveCfg = Release|Any CPU
		{A3C9A7CE-BC5F-4E6F-AF10-6E4FBBCF2586}.Release|Any CPU.Build.0 = Release|Any CPU
		{54BCD39A-D3AD-4838-A819-6594FF20C6FA}.Debug|Any CPU.ActiveCfg = Debug|Any CPU
		{54BCD39A-D3AD-4838-A819-6594FF20C6FA}.Debug|Any CPU.Build.0 = Debug|Any CPU
		{54BCD39A-D3AD-4838-A819-6594FF20C6FA}.Release|Any CPU.ActiveCfg = Release|Any CPU
		{54BCD39A-D3AD-4838-A819-6594FF20C6FA}.Release|Any CPU.Build.0 = Release|Any CPU
		{F9386D1B-D60F-488A-B3BC-C47FC6523F05}.Debug|Any CPU.ActiveCfg = Debug|Any CPU
		{F9386D1B-D60F-488A-B3BC-C47FC6523F05}.Debug|Any CPU.Build.0 = Debug|Any CPU
		{F9386D1B-D60F-488A-B3BC-C47FC6523F05}.Release|Any CPU.ActiveCfg = Release|Any CPU
		{F9386D1B-D60F-488A-B3BC-C47FC6523F05}.Release|Any CPU.Build.0 = Release|Any CPU
		{DB14D40E-7D7F-41A3-BF3F-93846269A500}.Debug|Any CPU.ActiveCfg = Debug|Any CPU
		{DB14D40E-7D7F-41A3-BF3F-93846269A500}.Debug|Any CPU.Build.0 = Debug|Any CPU
		{DB14D40E-7D7F-41A3-BF3F-93846269A500}.Release|Any CPU.ActiveCfg = Release|Any CPU
		{DB14D40E-7D7F-41A3-BF3F-93846269A500}.Release|Any CPU.Build.0 = Release|Any CPU
		{FA2BC0AB-03F1-4A8D-B049-DB04E14148FC}.Debug|Any CPU.ActiveCfg = Debug|Any CPU
		{FA2BC0AB-03F1-4A8D-B049-DB04E14148FC}.Debug|Any CPU.Build.0 = Debug|Any CPU
		{FA2BC0AB-03F1-4A8D-B049-DB04E14148FC}.Release|Any CPU.ActiveCfg = Release|Any CPU
		{FA2BC0AB-03F1-4A8D-B049-DB04E14148FC}.Release|Any CPU.Build.0 = Release|Any CPU
		{3CD58470-3E5C-412C-B239-AFABCC1B3AC3}.Debug|Any CPU.ActiveCfg = Debug|Any CPU
		{3CD58470-3E5C-412C-B239-AFABCC1B3AC3}.Debug|Any CPU.Build.0 = Debug|Any CPU
		{3CD58470-3E5C-412C-B239-AFABCC1B3AC3}.Release|Any CPU.ActiveCfg = Release|Any CPU
		{3CD58470-3E5C-412C-B239-AFABCC1B3AC3}.Release|Any CPU.Build.0 = Release|Any CPU
		{40B81AF4-2EAB-4C36-9CA1-300619884D64}.Debug|Any CPU.ActiveCfg = Debug|Any CPU
		{40B81AF4-2EAB-4C36-9CA1-300619884D64}.Debug|Any CPU.Build.0 = Debug|Any CPU
		{40B81AF4-2EAB-4C36-9CA1-300619884D64}.Release|Any CPU.ActiveCfg = Release|Any CPU
		{40B81AF4-2EAB-4C36-9CA1-300619884D64}.Release|Any CPU.Build.0 = Release|Any CPU
		{10E58F8F-BFEB-4E7A-A450-D813EE95B5AD}.Debug|Any CPU.ActiveCfg = Debug|Any CPU
		{10E58F8F-BFEB-4E7A-A450-D813EE95B5AD}.Debug|Any CPU.Build.0 = Debug|Any CPU
		{10E58F8F-BFEB-4E7A-A450-D813EE95B5AD}.Release|Any CPU.ActiveCfg = Release|Any CPU
		{10E58F8F-BFEB-4E7A-A450-D813EE95B5AD}.Release|Any CPU.Build.0 = Release|Any CPU
		{C8CAA8E0-89F6-4791-854C-101BFA78A96C}.Debug|Any CPU.ActiveCfg = Debug|Any CPU
		{C8CAA8E0-89F6-4791-854C-101BFA78A96C}.Debug|Any CPU.Build.0 = Debug|Any CPU
		{C8CAA8E0-89F6-4791-854C-101BFA78A96C}.Release|Any CPU.ActiveCfg = Release|Any CPU
		{C8CAA8E0-89F6-4791-854C-101BFA78A96C}.Release|Any CPU.Build.0 = Release|Any CPU
		{3BC6D18E-294E-47B1-A100-DE3705D56F57}.Debug|Any CPU.ActiveCfg = Debug|Any CPU
		{3BC6D18E-294E-47B1-A100-DE3705D56F57}.Debug|Any CPU.Build.0 = Debug|Any CPU
		{3BC6D18E-294E-47B1-A100-DE3705D56F57}.Release|Any CPU.ActiveCfg = Release|Any CPU
		{3BC6D18E-294E-47B1-A100-DE3705D56F57}.Release|Any CPU.Build.0 = Release|Any CPU
		{BF791B38-A2FE-46A3-A581-7976EF37AD1C}.Debug|Any CPU.ActiveCfg = Debug|Any CPU
		{BF791B38-A2FE-46A3-A581-7976EF37AD1C}.Debug|Any CPU.Build.0 = Debug|Any CPU
		{BF791B38-A2FE-46A3-A581-7976EF37AD1C}.Release|Any CPU.ActiveCfg = Release|Any CPU
		{BF791B38-A2FE-46A3-A581-7976EF37AD1C}.Release|Any CPU.Build.0 = Release|Any CPU
		{95D37395-317A-4E7C-B3BA-D7D83D831101}.Debug|Any CPU.ActiveCfg = Debug|Any CPU
		{95D37395-317A-4E7C-B3BA-D7D83D831101}.Debug|Any CPU.Build.0 = Debug|Any CPU
		{95D37395-317A-4E7C-B3BA-D7D83D831101}.Release|Any CPU.ActiveCfg = Release|Any CPU
		{95D37395-317A-4E7C-B3BA-D7D83D831101}.Release|Any CPU.Build.0 = Release|Any CPU
		{62ABD845-F612-438C-8C7C-02B9A208BD0B}.Debug|Any CPU.ActiveCfg = Debug|Any CPU
		{62ABD845-F612-438C-8C7C-02B9A208BD0B}.Debug|Any CPU.Build.0 = Debug|Any CPU
		{62ABD845-F612-438C-8C7C-02B9A208BD0B}.Release|Any CPU.ActiveCfg = Release|Any CPU
		{62ABD845-F612-438C-8C7C-02B9A208BD0B}.Release|Any CPU.Build.0 = Release|Any CPU
		{4393CA43-AB08-4270-889C-E957C42721F8}.Debug|Any CPU.ActiveCfg = Debug|Any CPU
		{4393CA43-AB08-4270-889C-E957C42721F8}.Debug|Any CPU.Build.0 = Debug|Any CPU
		{4393CA43-AB08-4270-889C-E957C42721F8}.Release|Any CPU.ActiveCfg = Release|Any CPU
		{4393CA43-AB08-4270-889C-E957C42721F8}.Release|Any CPU.Build.0 = Release|Any CPU
		{6C706435-522D-43A8-AC99-5CFFECF46421}.Debug|Any CPU.ActiveCfg = Debug|Any CPU
		{6C706435-522D-43A8-AC99-5CFFECF46421}.Debug|Any CPU.Build.0 = Debug|Any CPU
		{6C706435-522D-43A8-AC99-5CFFECF46421}.Release|Any CPU.ActiveCfg = Release|Any CPU
		{6C706435-522D-43A8-AC99-5CFFECF46421}.Release|Any CPU.Build.0 = Release|Any CPU
		{88E752C0-FEF0-447B-9710-19B183D43599}.Debug|Any CPU.ActiveCfg = Debug|Any CPU
		{88E752C0-FEF0-447B-9710-19B183D43599}.Debug|Any CPU.Build.0 = Debug|Any CPU
		{88E752C0-FEF0-447B-9710-19B183D43599}.Release|Any CPU.ActiveCfg = Release|Any CPU
		{88E752C0-FEF0-447B-9710-19B183D43599}.Release|Any CPU.Build.0 = Release|Any CPU
		{91A993B5-A3DD-4EC8-A682-28883FB4D156}.Debug|Any CPU.ActiveCfg = Debug|Any CPU
		{91A993B5-A3DD-4EC8-A682-28883FB4D156}.Debug|Any CPU.Build.0 = Debug|Any CPU
		{91A993B5-A3DD-4EC8-A682-28883FB4D156}.Release|Any CPU.ActiveCfg = Release|Any CPU
		{91A993B5-A3DD-4EC8-A682-28883FB4D156}.Release|Any CPU.Build.0 = Release|Any CPU
		{FA6C0C7E-5FD4-4470-810D-3FA9DAC02491}.Debug|Any CPU.ActiveCfg = Debug|Any CPU
		{FA6C0C7E-5FD4-4470-810D-3FA9DAC02491}.Debug|Any CPU.Build.0 = Debug|Any CPU
		{FA6C0C7E-5FD4-4470-810D-3FA9DAC02491}.Release|Any CPU.ActiveCfg = Release|Any CPU
		{FA6C0C7E-5FD4-4470-810D-3FA9DAC02491}.Release|Any CPU.Build.0 = Release|Any CPU
		{7400C52D-416D-4504-9D1B-92FF1EDDFD09}.Debug|Any CPU.ActiveCfg = Debug|Any CPU
		{7400C52D-416D-4504-9D1B-92FF1EDDFD09}.Debug|Any CPU.Build.0 = Debug|Any CPU
		{7400C52D-416D-4504-9D1B-92FF1EDDFD09}.Release|Any CPU.ActiveCfg = Release|Any CPU
		{7400C52D-416D-4504-9D1B-92FF1EDDFD09}.Release|Any CPU.Build.0 = Release|Any CPU
	EndGlobalSection
	GlobalSection(SolutionProperties) = preSolution
		HideSolutionNode = FALSE
	EndGlobalSection
	GlobalSection(NestedProjects) = preSolution
		{E27C215A-962E-426A-B452-A2014CED7866} = {78984455-CBFA-4350-B50D-7A79B15DCB32}
		{89EDF1B5-E50D-47A6-853B-DB5B83EC2621} = {5C305641-2F50-4D01-88C6-2D7709F3881D}
		{54BCD39A-D3AD-4838-A819-6594FF20C6FA} = {78984455-CBFA-4350-B50D-7A79B15DCB32}
		{F9386D1B-D60F-488A-B3BC-C47FC6523F05} = {5C305641-2F50-4D01-88C6-2D7709F3881D}
		{DB14D40E-7D7F-41A3-BF3F-93846269A500} = {78984455-CBFA-4350-B50D-7A79B15DCB32}
		{FA2BC0AB-03F1-4A8D-B049-DB04E14148FC} = {5C305641-2F50-4D01-88C6-2D7709F3881D}
		{3CD58470-3E5C-412C-B239-AFABCC1B3AC3} = {78984455-CBFA-4350-B50D-7A79B15DCB32}
		{7B05FBF3-FEC0-4345-8BFF-EB0BC847031E} = {78984455-CBFA-4350-B50D-7A79B15DCB32}
		{40B81AF4-2EAB-4C36-9CA1-300619884D64} = {5C305641-2F50-4D01-88C6-2D7709F3881D}
		{11B03655-FF3D-4682-A8E8-FDF72E71A3AC} = {78984455-CBFA-4350-B50D-7A79B15DCB32}
		{10E58F8F-BFEB-4E7A-A450-D813EE95B5AD} = {78984455-CBFA-4350-B50D-7A79B15DCB32}
		{C8CAA8E0-89F6-4791-854C-101BFA78A96C} = {5C305641-2F50-4D01-88C6-2D7709F3881D}
		{95D37395-317A-4E7C-B3BA-D7D83D831101} = {78984455-CBFA-4350-B50D-7A79B15DCB32}
		{62ABD845-F612-438C-8C7C-02B9A208BD0B} = {78984455-CBFA-4350-B50D-7A79B15DCB32}
		{4393CA43-AB08-4270-889C-E957C42721F8} = {5C305641-2F50-4D01-88C6-2D7709F3881D}
		{6C706435-522D-43A8-AC99-5CFFECF46421} = {78984455-CBFA-4350-B50D-7A79B15DCB32}
		{91A993B5-A3DD-4EC8-A682-28883FB4D156} = {78984455-CBFA-4350-B50D-7A79B15DCB32}
		{FA6C0C7E-5FD4-4470-810D-3FA9DAC02491} = {78984455-CBFA-4350-B50D-7A79B15DCB32}
	EndGlobalSection
	GlobalSection(ExtensibilityGlobals) = postSolution
		SolutionGuid = {0AD0F534-3EAE-4778-BF19-A2A8E4BD98ED}
	EndGlobalSection
EndGlobal
